
Microsoft Visual Studio Solution File, Format Version 12.00
# Visual Studio Version 17
VisualStudioVersion = 17.3.32929.385
MinimumVisualStudioVersion = 10.0.40219.1
Project("{FAE04EC0-301F-11D3-BF4B-00C04F79EFBC}") = "ECommerce", "ECommerce\ECommerce.csproj", "{9C8D0F0F-D5AA-45FB-9FE5-03011D8674B2}"
EndProject
Global
	GlobalSection(SolutionConfigurationPlatforms) = preSolution
		Debug|Any CPU = Debug|Any CPU
		Release|Any CPU = Release|Any CPU
	EndGlobalSection
	GlobalSection(ProjectConfigurationPlatforms) = postSolution
		{9C8D0F0F-D5AA-45FB-9FE5-03011D8674B2}.Debug|Any CPU.ActiveCfg = Debug|Any CPU
		{9C8D0F0F-D5AA-45FB-9FE5-03011D8674B2}.Debug|Any CPU.Build.0 = Debug|Any CPU
		{9C8D0F0F-D5AA-45FB-9FE5-03011D8674B2}.Release|Any CPU.ActiveCfg = Release|Any CPU
		{9C8D0F0F-D5AA-45FB-9FE5-03011D8674B2}.Release|Any CPU.Build.0 = Release|Any CPU
	EndGlobalSection
	GlobalSection(SolutionProperties) = preSolution
		HideSolutionNode = FALSE
	EndGlobalSection
	GlobalSection(ExtensibilityGlobals) = postSolution
		SolutionGuid = {B6A90F54-B922-4894-8DF1-B209F8A96C6A}
	EndGlobalSection
EndGlobal
